
Microsoft Visual Studio Solution File, Format Version 12.00
# Visual Studio Version 16
VisualStudioVersion = 16.0.31229.75
MinimumVisualStudioVersion = 10.0.40219.1
Project("{FAE04EC0-301F-11D3-BF4B-00C04F79EFBC}") = "PasswordValidation", "PasswordValidation\PasswordValidation.csproj", "{F07D1FC4-9F04-4486-A775-187D2347A58B}"
EndProject
Project("{FAE04EC0-301F-11D3-BF4B-00C04F79EFBC}") = "PasswordValidationTests", "PasswordValidationTests\PasswordValidationTests.csproj", "{CFD33455-FC47-4949-92A0-10E510F8E090}"
EndProject
Global
	GlobalSection(SolutionConfigurationPlatforms) = preSolution
		Debug|Any CPU = Debug|Any CPU
		Release|Any CPU = Release|Any CPU
	EndGlobalSection
	GlobalSection(ProjectConfigurationPlatforms) = postSolution
		{F07D1FC4-9F04-4486-A775-187D2347A58B}.Debug|Any CPU.ActiveCfg = Debug|Any CPU
		{F07D1FC4-9F04-4486-A775-187D2347A58B}.Debug|Any CPU.Build.0 = Debug|Any CPU
		{F07D1FC4-9F04-4486-A775-187D2347A58B}.Release|Any CPU.ActiveCfg = Release|Any CPU
		{F07D1FC4-9F04-4486-A775-187D2347A58B}.Release|Any CPU.Build.0 = Release|Any CPU
		{CFD33455-FC47-4949-92A0-10E510F8E090}.Debug|Any CPU.ActiveCfg = Debug|Any CPU
		{CFD33455-FC47-4949-92A0-10E510F8E090}.Debug|Any CPU.Build.0 = Debug|Any CPU
		{CFD33455-FC47-4949-92A0-10E510F8E090}.Release|Any CPU.ActiveCfg = Release|Any CPU
		{CFD33455-FC47-4949-92A0-10E510F8E090}.Release|Any CPU.Build.0 = Release|Any CPU
	EndGlobalSection
	GlobalSection(SolutionProperties) = preSolution
		HideSolutionNode = FALSE
	EndGlobalSection
	GlobalSection(ExtensibilityGlobals) = postSolution
		SolutionGuid = {507F4642-1853-4361-8C94-47B813CF9534}
	EndGlobalSection
EndGlobal
